
Microsoft Visual Studio Solution File, Format Version 12.00
# Visual Studio Version 17
VisualStudioVersion = 17.7.34202.233
MinimumVisualStudioVersion = 10.0.40219.1
Project("{9A19103F-16F7-4668-BE54-9A1E7A4F7556}") = "prim1_lek8", "prim1_lek8\prim1_lek8.csproj", "{70FB2A54-9CD6-441B-813F-F0D13DB16ED6}"
EndProject
Project("{9A19103F-16F7-4668-BE54-9A1E7A4F7556}") = "prim2_lek8", "prim2_lek8\prim2_lek8.csproj", "{1D15653D-17CE-4C4F-9CC8-FD931AB07B8B}"
EndProject
Project("{FAE04EC0-301F-11D3-BF4B-00C04F79EFBC}") = "prim3_lek8", "prim3_lek8\prim3_lek8.csproj", "{AF884E08-F1A6-491F-BA91-92091A5C8493}"
EndProject
Global
	GlobalSection(SolutionConfigurationPlatforms) = preSolution
		Debug|Any CPU = Debug|Any CPU
		Release|Any CPU = Release|Any CPU
	EndGlobalSection
	GlobalSection(ProjectConfigurationPlatforms) = postSolution
		{70FB2A54-9CD6-441B-813F-F0D13DB16ED6}.Debug|Any CPU.ActiveCfg = Debug|Any CPU
		{70FB2A54-9CD6-441B-813F-F0D13DB16ED6}.Debug|Any CPU.Build.0 = Debug|Any CPU
		{70FB2A54-9CD6-441B-813F-F0D13DB16ED6}.Release|Any CPU.ActiveCfg = Release|Any CPU
		{70FB2A54-9CD6-441B-813F-F0D13DB16ED6}.Release|Any CPU.Build.0 = Release|Any CPU
		{1D15653D-17CE-4C4F-9CC8-FD931AB07B8B}.Debug|Any CPU.ActiveCfg = Debug|Any CPU
		{1D15653D-17CE-4C4F-9CC8-FD931AB07B8B}.Debug|Any CPU.Build.0 = Debug|Any CPU
		{1D15653D-17CE-4C4F-9CC8-FD931AB07B8B}.Release|Any CPU.ActiveCfg = Release|Any CPU
		{1D15653D-17CE-4C4F-9CC8-FD931AB07B8B}.Release|Any CPU.Build.0 = Release|Any CPU
		{AF884E08-F1A6-491F-BA91-92091A5C8493}.Debug|Any CPU.ActiveCfg = Debug|Any CPU
		{AF884E08-F1A6-491F-BA91-92091A5C8493}.Debug|Any CPU.Build.0 = Debug|Any CPU
		{AF884E08-F1A6-491F-BA91-92091A5C8493}.Release|Any CPU.ActiveCfg = Release|Any CPU
		{AF884E08-F1A6-491F-BA91-92091A5C8493}.Release|Any CPU.Build.0 = Release|Any CPU
	EndGlobalSection
	GlobalSection(SolutionProperties) = preSolution
		HideSolutionNode = FALSE
	EndGlobalSection
	GlobalSection(ExtensibilityGlobals) = postSolution
		SolutionGuid = {A3E702CD-591F-477A-A56D-5D341A4B71D1}
	EndGlobalSection
EndGlobal
